PODS:
  - Alamofire (5.3.0)
  - ReachabilitySwift (5.0.0)
  - Socket.IO-Client-Swift (15.2.0):
    - Starscream (~> 3.1)
  - Starscream (3.1.1)
  - SVProgressHUD (2.2.5)

DEPENDENCIES:
  - Alamofire (~> 5.3.0)
  - ReachabilitySwift
  - Socket.IO-Client-Swift (~> 15.2.0)
  - SVProgressHUD

SPEC REPOS:
  trunk:
    - Alamofire
    - ReachabilitySwift
    - Socket.IO-Client-Swift
    - Starscream
    - SVProgressHUD

SPEC CHECKSUMS:
  Alamofire: 2c792affbdc2f18016e08fdbcacd60aebe1ba593
  ReachabilitySwift: 985039c6f7b23a1da463388634119492ff86c825
  Socket.IO-Client-Swift: 1e3e3a1f09f3312a167f0d781eb2f383d477357c
  Starscream: 4bb2f9942274833f7b4d296a55504dcfc7edb7b0
  SVProgressHUD: 1428aafac632c1f86f62aa4243ec12008d7a51d6

PODFILE CHECKSUM: 0b32925e9cf3d683e22166fcb38efb008ecf7811

COCOAPODS: 1.10.0
