PODS:
  - IDZSwiftCommonCrypto (0.13.0)
  - ObjectMapper (4.2.0)

DEPENDENCIES:
  - IDZSwiftCommonCrypto (~> 0.13)
  - ObjectMapper (~> 4)

SPEC REPOS:
  trunk:
    - IDZSwiftCommonCrypto
    - ObjectMapper

SPEC CHECKSUMS:
  IDZSwiftCommonCrypto: 00dd37cdfbd149312a7e5a582cf9909f8b129f44
  ObjectMapper: 1eb41f610210777375fa806bf161dc39fb832b81

PODFILE CHECKSUM: 22f7268ae79888613489c1a6f85fee75dfe76a94

COCOAPODS: 1.11.3
