PODS:
  - Alamofire (5.3.0)
  - ReachabilitySwift (5.0.0)
  - Starscream (4.0.4)
  - SVProgressHUD (2.2.5)

DEPENDENCIES:
  - Alamofire (~> 5.3.0)
  - ReachabilitySwift
  - Starscream (~> 4.0.0)
  - SVProgressHUD

SPEC REPOS:
  trunk:
    - Alamofire
    - ReachabilitySwift
    - Starscream
    - SVProgressHUD

SPEC CHECKSUMS:
  Alamofire: 2c792affbdc2f18016e08fdbcacd60aebe1ba593
  ReachabilitySwift: 985039c6f7b23a1da463388634119492ff86c825
  Starscream: 5178aed56b316f13fa3bc55694e583d35dd414d9
  SVProgressHUD: 1428aafac632c1f86f62aa4243ec12008d7a51d6

PODFILE CHECKSUM: 5e207a08af81c76543e215710988ab3ccd36530f

COCOAPODS: 1.10.0
